
Microsoft Visual Studio Solution File, Format Version 12.00
# Visual Studio Version 17
VisualStudioVersion = 17.8.34322.80
MinimumVisualStudioVersion = 10.0.40219.1
Project("{FAE04EC0-301F-11D3-BF4B-00C04F79EFBC}") = "VSTPiano", "VSTPiano\VSTPiano.csproj", "{5B9E6377-BF61-41F0-B370-0701BF6441CC}"
EndProject
Global
	GlobalSection(SolutionConfigurationPlatforms) = preSolution
		Debug|Any CPU = Debug|Any CPU
		Release|Any CPU = Release|Any CPU
	EndGlobalSection
	GlobalSection(ProjectConfigurationPlatforms) = postSolution
		{5B9E6377-BF61-41F0-B370-0701BF6441CC}.Debug|Any CPU.ActiveCfg = Debug|Any CPU
		{5B9E6377-BF61-41F0-B370-0701BF6441CC}.Debug|Any CPU.Build.0 = Debug|Any CPU
		{5B9E6377-BF61-41F0-B370-0701BF6441CC}.Release|Any CPU.ActiveCfg = Release|Any CPU
		{5B9E6377-BF61-41F0-B370-0701BF6441CC}.Release|Any CPU.Build.0 = Release|Any CPU
	EndGlobalSection
	GlobalSection(SolutionProperties) = preSolution
		HideSolutionNode = FALSE
	EndGlobalSection
	GlobalSection(ExtensibilityGlobals) = postSolution
		SolutionGuid = {AC5F27EF-8AA7-496C-92DD-06D266939977}
	EndGlobalSection
EndGlobal
